github.com/anyascii/go v0.3.2 h1:87uFISteh7vwofK02srrPKtAvG6Wx7ozRjNh8uhfa7w=
github.com/anyascii/go v0.3.2/go.mod h1:HDvbMmSpqJyIe+xtSkHmAYTjc8PzvO3l1Jmgx/IFUPs=
golang.org/x/text v0.13.0 h1:ablQoSUd0tRdKxZewP80B+BaqeKJuVhuRxj/dkrun3k=
golang.org/x/text v0.13.0/go.mod h1:TvPlkZtksWOMsz7fbANvkp4WM8x/WCo/om8BMLbz+aE=
